
Microsoft Visual Studio Solution File, Format Version 12.00
# Visual Studio Version 17
VisualStudioVersion = 17.0.31717.71
MinimumVisualStudioVersion = 10.0.40219.1
Project("{2150E333-8FDC-42A3-9474-1A3956D46DE8}") = "src", "src", "{3ED37E73-88FC-48AE-9CA0-12BDA2720B36}"
EndProject
Project("{2150E333-8FDC-42A3-9474-1A3956D46DE8}") = "Services", "Services", "{308D788A-7A7B-4365-8990-38D2027210C2}"
EndProject
Project("{9A19103F-16F7-4668-BE54-9A1E7A4F7556}") = "CovidStat.ArrivalsDataProducer.Worker", "Services\CovidStat.ArrivalsDataProducer.Worker\CovidStat.ArrivalsDataProducer.Worker.csproj", "{5C1C2784-2B0A-4157-9858-DE93FC750C52}"
EndProject
Project("{2150E333-8FDC-42A3-9474-1A3956D46DE8}") = "ArrivalsDataProducer", "ArrivalsDataProducer", "{D564FDE2-590A-4EF6-AF23-D442657C04BB}"
EndProject
Project("{2150E333-8FDC-42A3-9474-1A3956D46DE8}") = "Infrastructure", "Infrastructure", "{90AE8E18-8B34-4545-A94B-EF9AAA3D594C}"
EndProject
Project("{9A19103F-16F7-4668-BE54-9A1E7A4F7556}") = "CovidStat.MessageBus", "Infrastructure\CovidStat.MessageBus\CovidStat.MessageBus.csproj", "{DDF40B1A-445A-4482-BB0D-71F0DF2D1904}"
EndProject
Project("{9A19103F-16F7-4668-BE54-9A1E7A4F7556}") = "CovidStat.MessageBusServiceBus", "Infrastructure\CovidStat.MessageBusServiceBus\CovidStat.MessageBusServiceBus.csproj", "{1A4A45B5-3258-4127-A7FA-E3001D26928C}"
EndProject
Project("{2150E333-8FDC-42A3-9474-1A3956D46DE8}") = "ArrivalsDataPublisher", "ArrivalsDataPublisher", "{345DBE4C-B45A-4CD5-BB6E-7B0F46CDFFA3}"
EndProject
Project("{9A19103F-16F7-4668-BE54-9A1E7A4F7556}") = "CovidStat.ArrivalsDataPublisher.Worker", "Services\CovidStat.ArrivalsDataPublisher.Worker\CovidStat.ArrivalsDataPublisher.Worker.csproj", "{C42A2957-CDE1-47D4-AD16-A4140E9651CB}"
EndProject
Project("{E53339B2-1760-4266-BCC7-CA923CBCF16C}") = "docker-compose", "docker-compose.dcproj", "{C52DC6E9-7846-4AF7-9B73-2EFC8DEB02A9}"
EndProject
Project("{2150E333-8FDC-42A3-9474-1A3956D46DE8}") = "Solution Items", "Solution Items", "{6F8234F2-6FC4-485C-BE73-552AFE479B55}"
	ProjectSection(SolutionItems) = preProject
		.env = .env
	EndProjectSection
EndProject
Project("{2150E333-8FDC-42A3-9474-1A3956D46DE8}") = "Web", "Web", "{AA025731-1340-4B3C-A2DC-18603B506D9A}"
EndProject
Project("{2150E333-8FDC-42A3-9474-1A3956D46DE8}") = "Arrivals.API", "Arrivals.API", "{3BB910DB-31E5-471E-86EC-019F74AD7059}"
EndProject
Project("{9A19103F-16F7-4668-BE54-9A1E7A4F7556}") = "CovidStat.Arrivals.API", "Web\CovidStat.Arrivals.API\CovidStat.Arrivals.API.csproj", "{7BF22A02-105B-42F0-A3F5-30BF4EC50725}"
EndProject
Project("{2150E333-8FDC-42A3-9474-1A3956D46DE8}") = "Arrivals.Client", "Arrivals.Client", "{C2E77AE2-2032-4BFB-A4DE-E2FC67A85992}"
EndProject
Project("{54A90642-561A-4BB1-A94E-469ADEE60C69}") = "covidstat.arrivals.client", "Web\CovidStat.Arrivals.Client\covidstat.arrivals.client.esproj", "{4AF8F288-D612-4F74-8E42-630908387061}"
EndProject
Global
	GlobalSection(SolutionConfigurationPlatforms) = preSolution
		Debug|Any CPU = Debug|Any CPU
		Release|Any CPU = Release|Any CPU
	EndGlobalSection
	GlobalSection(ProjectConfigurationPlatforms) = postSolution
		{5C1C2784-2B0A-4157-9858-DE93FC750C52}.Debug|Any CPU.ActiveCfg = Debug|Any CPU
		{5C1C2784-2B0A-4157-9858-DE93FC750C52}.Debug|Any CPU.Build.0 = Debug|Any CPU
		{5C1C2784-2B0A-4157-9858-DE93FC750C52}.Release|Any CPU.ActiveCfg = Release|Any CPU
		{5C1C2784-2B0A-4157-9858-DE93FC750C52}.Release|Any CPU.Build.0 = Release|Any CPU
		{DDF40B1A-445A-4482-BB0D-71F0DF2D1904}.Debug|Any CPU.ActiveCfg = Debug|Any CPU
		{DDF40B1A-445A-4482-BB0D-71F0DF2D1904}.Debug|Any CPU.Build.0 = Debug|Any CPU
		{DDF40B1A-445A-4482-BB0D-71F0DF2D1904}.Release|Any CPU.ActiveCfg = Release|Any CPU
		{DDF40B1A-445A-4482-BB0D-71F0DF2D1904}.Release|Any CPU.Build.0 = Release|Any CPU
		{1A4A45B5-3258-4127-A7FA-E3001D26928C}.Debug|Any CPU.ActiveCfg = Debug|Any CPU
		{1A4A45B5-3258-4127-A7FA-E3001D26928C}.Debug|Any CPU.Build.0 = Debug|Any CPU
		{1A4A45B5-3258-4127-A7FA-E3001D26928C}.Release|Any CPU.ActiveCfg = Release|Any CPU
		{1A4A45B5-3258-4127-A7FA-E3001D26928C}.Release|Any CPU.Build.0 = Release|Any CPU
		{C42A2957-CDE1-47D4-AD16-A4140E9651CB}.Debug|Any CPU.ActiveCfg = Debug|Any CPU
		{C42A2957-CDE1-47D4-AD16-A4140E9651CB}.Debug|Any CPU.Build.0 = Debug|Any CPU
		{C42A2957-CDE1-47D4-AD16-A4140E9651CB}.Release|Any CPU.ActiveCfg = Release|Any CPU
		{C42A2957-CDE1-47D4-AD16-A4140E9651CB}.Release|Any CPU.Build.0 = Release|Any CPU
		{C52DC6E9-7846-4AF7-9B73-2EFC8DEB02A9}.Debug|Any CPU.ActiveCfg = Debug|Any CPU
		{C52DC6E9-7846-4AF7-9B73-2EFC8DEB02A9}.Debug|Any CPU.Build.0 = Debug|Any CPU
		{C52DC6E9-7846-4AF7-9B73-2EFC8DEB02A9}.Release|Any CPU.ActiveCfg = Release|Any CPU
		{C52DC6E9-7846-4AF7-9B73-2EFC8DEB02A9}.Release|Any CPU.Build.0 = Release|Any CPU
		{7BF22A02-105B-42F0-A3F5-30BF4EC50725}.Debug|Any CPU.ActiveCfg = Debug|Any CPU
		{7BF22A02-105B-42F0-A3F5-30BF4EC50725}.Debug|Any CPU.Build.0 = Debug|Any CPU
		{7BF22A02-105B-42F0-A3F5-30BF4EC50725}.Release|Any CPU.ActiveCfg = Release|Any CPU
		{7BF22A02-105B-42F0-A3F5-30BF4EC50725}.Release|Any CPU.Build.0 = Release|Any CPU
		{4AF8F288-D612-4F74-8E42-630908387061}.Debug|Any CPU.ActiveCfg = Debug|Any CPU
		{4AF8F288-D612-4F74-8E42-630908387061}.Debug|Any CPU.Build.0 = Debug|Any CPU
		{4AF8F288-D612-4F74-8E42-630908387061}.Debug|Any CPU.Deploy.0 = Debug|Any CPU
		{4AF8F288-D612-4F74-8E42-630908387061}.Release|Any CPU.ActiveCfg = Release|Any CPU
		{4AF8F288-D612-4F74-8E42-630908387061}.Release|Any CPU.Build.0 = Release|Any CPU
		{4AF8F288-D612-4F74-8E42-630908387061}.Release|Any CPU.Deploy.0 = Release|Any CPU
	EndGlobalSection
	GlobalSection(SolutionProperties) = preSolution
		HideSolutionNode = FALSE
	EndGlobalSection
	GlobalSection(NestedProjects) = preSolution
		{308D788A-7A7B-4365-8990-38D2027210C2} = {3ED37E73-88FC-48AE-9CA0-12BDA2720B36}
		{5C1C2784-2B0A-4157-9858-DE93FC750C52} = {D564FDE2-590A-4EF6-AF23-D442657C04BB}
		{D564FDE2-590A-4EF6-AF23-D442657C04BB} = {308D788A-7A7B-4365-8990-38D2027210C2}
		{90AE8E18-8B34-4545-A94B-EF9AAA3D594C} = {3ED37E73-88FC-48AE-9CA0-12BDA2720B36}
		{DDF40B1A-445A-4482-BB0D-71F0DF2D1904} = {90AE8E18-8B34-4545-A94B-EF9AAA3D594C}
		{1A4A45B5-3258-4127-A7FA-E3001D26928C} = {90AE8E18-8B34-4545-A94B-EF9AAA3D594C}
		{345DBE4C-B45A-4CD5-BB6E-7B0F46CDFFA3} = {308D788A-7A7B-4365-8990-38D2027210C2}
		{C42A2957-CDE1-47D4-AD16-A4140E9651CB} = {345DBE4C-B45A-4CD5-BB6E-7B0F46CDFFA3}
		{AA025731-1340-4B3C-A2DC-18603B506D9A} = {3ED37E73-88FC-48AE-9CA0-12BDA2720B36}
		{3BB910DB-31E5-471E-86EC-019F74AD7059} = {AA025731-1340-4B3C-A2DC-18603B506D9A}
		{7BF22A02-105B-42F0-A3F5-30BF4EC50725} = {3BB910DB-31E5-471E-86EC-019F74AD7059}
		{C2E77AE2-2032-4BFB-A4DE-E2FC67A85992} = {AA025731-1340-4B3C-A2DC-18603B506D9A}
		{4AF8F288-D612-4F74-8E42-630908387061} = {C2E77AE2-2032-4BFB-A4DE-E2FC67A85992}
	EndGlobalSection
	GlobalSection(ExtensibilityGlobals) = postSolution
		SolutionGuid = {DE249E1E-FB45-4256-8678-6695EE303414}
	EndGlobalSection
EndGlobal
